
Microsoft Visual Studio Solution File, Format Version 12.00
# Visual Studio Version 17
VisualStudioVersion = 17.5.33530.505
MinimumVisualStudioVersion = 10.0.40219.1
Project("{FAE04EC0-301F-11D3-BF4B-00C04F79EFBC}") = "WindowsFormsApp1", "WindowsFormsApp1.csproj", "{DC7C3BC5-2C9A-4709-9AA3-A0500A035636}"
EndProject
Global
	GlobalSection(SolutionConfigurationPlatforms) = preSolution
		Debug|Any CPU = Debug|Any CPU
		Release|Any CPU = Release|Any CPU
	EndGlobalSection
	GlobalSection(ProjectConfigurationPlatforms) = postSolution
		{DC7C3BC5-2C9A-4709-9AA3-A0500A035636}.Debug|Any CPU.ActiveCfg = Debug|Any CPU
		{DC7C3BC5-2C9A-4709-9AA3-A0500A035636}.Debug|Any CPU.Build.0 = Debug|Any CPU
		{DC7C3BC5-2C9A-4709-9AA3-A0500A035636}.Release|Any CPU.ActiveCfg = Release|Any CPU
		{DC7C3BC5-2C9A-4709-9AA3-A0500A035636}.Release|Any CPU.Build.0 = Release|Any CPU
	EndGlobalSection
	GlobalSection(SolutionProperties) = preSolution
		HideSolutionNode = FALSE
	EndGlobalSection
	GlobalSection(ExtensibilityGlobals) = postSolution
		SolutionGuid = {B1A16ED0-E558-4643-9BEB-D907E3E9437A}
	EndGlobalSection
EndGlobal
